
Microsoft Visual Studio Solution File, Format Version 12.00
# Visual Studio 15
VisualStudioVersion = 15.0.28010.2050
MinimumVisualStudioVersion = 10.0.40219.1
Project("{FAE04EC0-301F-11D3-BF4B-00C04F79EFBC}") = "TemplateExample", "TemplateExample.csproj", "{2A465EF7-0788-4D5F-9A14-773E34D9B9B2}"
EndProject
Global
	GlobalSection(SolutionConfigurationPlatforms) = preSolution
		Debug|Any CPU = Debug|Any CPU
		Release|Any CPU = Release|Any CPU
	EndGlobalSection
	GlobalSection(ProjectConfigurationPlatforms) = postSolution
		{2A465EF7-0788-4D5F-9A14-773E34D9B9B2}.Debug|Any CPU.ActiveCfg = Debug|Any CPU
		{2A465EF7-0788-4D5F-9A14-773E34D9B9B2}.Debug|Any CPU.Build.0 = Debug|Any CPU
		{2A465EF7-0788-4D5F-9A14-773E34D9B9B2}.Release|Any CPU.ActiveCfg = Release|Any CPU
		{2A465EF7-0788-4D5F-9A14-773E34D9B9B2}.Release|Any CPU.Build.0 = Release|Any CPU
	EndGlobalSection
	GlobalSection(SolutionProperties) = preSolution
		HideSolutionNode = FALSE
	EndGlobalSection
	GlobalSection(ExtensibilityGlobals) = postSolution
		SolutionGuid = {31E3195D-A7ED-4B56-A442-3A6ED93B3050}
	EndGlobalSection
EndGlobal
